
Microsoft Visual Studio Solution File, Format Version 12.00
# Visual Studio Version 17
VisualStudioVersion = 17.5.33627.172
MinimumVisualStudioVersion = 10.0.40219.1
Project("{FAE04EC0-301F-11D3-BF4B-00C04F79EFBC}") = "MeuPrimeiroProjetoMVC", "MeuPrimeiroProjetoMVC\MeuPrimeiroProjetoMVC.csproj", "{8C25ED81-2258-491B-A09B-0852CE93EBFD}"
EndProject
Global
	GlobalSection(SolutionConfigurationPlatforms) = preSolution
		Debug|Any CPU = Debug|Any CPU
		Release|Any CPU = Release|Any CPU
	EndGlobalSection
	GlobalSection(ProjectConfigurationPlatforms) = postSolution
		{8C25ED81-2258-491B-A09B-0852CE93EBFD}.Debug|Any CPU.ActiveCfg = Debug|Any CPU
		{8C25ED81-2258-491B-A09B-0852CE93EBFD}.Debug|Any CPU.Build.0 = Debug|Any CPU
		{8C25ED81-2258-491B-A09B-0852CE93EBFD}.Release|Any CPU.ActiveCfg = Release|Any CPU
		{8C25ED81-2258-491B-A09B-0852CE93EBFD}.Release|Any CPU.Build.0 = Release|Any CPU
	EndGlobalSection
	GlobalSection(SolutionProperties) = preSolution
		HideSolutionNode = FALSE
	EndGlobalSection
	GlobalSection(ExtensibilityGlobals) = postSolution
		SolutionGuid = {4001FB66-29EF-46B2-8CBB-A53482B5E0B0}
	EndGlobalSection
EndGlobal
